// !$*UTF8*$!
{
	archiveVersion = 1;
	classes = {
	};
	objectVersion = 50;
	objects = {

/* Begin PBXBuildFile section */
		5CC0789F26313FF100F605FF /* AppDelegate.swift in Sources */ = {isa = PBXBuildFile; fileRef = 5CC0789E26313FF100F605FF /* AppDelegate.swift */; };
		5CC078A326313FF100F605FF /* ViewController.swift in Sources */ = {isa = PBXBuildFile; fileRef = 5CC078A226313FF100F605FF /* ViewController.swift */; };
		5CC078A626313FF100F605FF /* Main.storyboard in Resources */ = {isa = PBXBuildFile; fileRef = 5CC078A426313FF100F605FF /* Main.storyboard */; };
		5CC078A826313FF200F605FF /* Assets.xcassets in Resources */ = {isa = PBXBuildFile; fileRef = 5CC078A726313FF200F605FF /* Assets.xcassets */; };
		5CC078AB26313FF200F605FF /* LaunchScreen.storyboard in Resources */ = {isa = PBXBuildFile; fileRef = 5CC078A926313FF200F605FF /* LaunchScreen.storyboard */; };
		5CC078B62631410A00F605FF /* UILabelExtensions.swift in Sources */ = {isa = PBXBuildFile; fileRef = 5CC078B52631410A00F605FF /* UILabelExtensions.swift */; };
		5CC078B92631411B00F605FF /* UITextFieldExtensions.swift in Sources */ = {isa = PBXBuildFile; fileRef = 5CC078B82631411B00F605FF /* UITextFieldExtensions.swift */; };
		5CC078BC2631412B00F605FF /* UIImageExtensions.swift in Sources */ = {isa = PBXBuildFile; fileRef = 5CC078BB2631412B00F605FF /* UIImageExtensions.swift */; };
		5CC078BF2631426D00F605FF /* UIImageViewExtensions.swift in Sources */ = {isa = PBXBuildFile; fileRef = 5CC078BE2631426D00F605FF /* UIImageViewExtensions.swift */; };
		5CF838182631443000DB34D5 /* OurViewController.swift in Sources */ = {isa = PBXBuildFile; fileRef = 5CF838172631443000DB34D5 /* OurViewController.swift */; };
		5CF8381B263144EF00DB34D5 /* UIViewControllerExtension.swift in Sources */ = {isa = PBXBuildFile; fileRef = 5CF8381A263144EF00DB34D5 /* UIViewControllerExtension.swift */; };
		5CF8381E2631459400DB34D5 /* UIColorExtensions.swift in Sources */ = {isa = PBXBuildFile; fileRef = 5CF8381D2631459400DB34D5 /* UIColorExtensions.swift */; };
		5CF838212631469F00DB34D5 /* UIButtonExtensions.swift in Sources */ = {isa = PBXBuildFile; fileRef = 5CF838202631469F00DB34D5 /* UIButtonExtensions.swift */; };
/* End PBXBuildFile section */

/* Begin PBXFileReference section */
		5CC0789B26313FF100F605FF /* ExtensionsDemo.app */ = {isa = PBXFileReference; explicitFileType = wrapper.application; includeInIndex = 0; path = ExtensionsDemo.app; sourceTree = BUILT_PRODUCTS_DIR; };
		5CC0789E26313FF100F605FF /* AppDelegate.swift */ = {isa = PBXFileReference; lastKnownFileType = sourcecode.swift; path = AppDelegate.swift; sourceTree = "<group>"; };
		5CC078A226313FF100F605FF /* ViewController.swift */ = {isa = PBXFileReference; lastKnownFileType = sourcecode.swift; path = ViewController.swift; sourceTree = "<group>"; };
		5CC078A526313FF100F605FF /* Base */ = {isa = PBXFileReference; lastKnownFileType = file.storyboard; name = Base; path = Base.lproj/Main.storyboard; sourceTree = "<group>"; };
		5CC078A726313FF200F605FF /* Assets.xcassets */ = {isa = PBXFileReference; lastKnownFileType = folder.assetcatalog; path = Assets.xcassets; sourceTree = "<group>"; };
		5CC078AA26313FF200F605FF /* Base */ = {isa = PBXFileReference; lastKnownFileType = file.storyboard; name = Base; path = Base.lproj/LaunchScreen.storyboard; sourceTree = "<group>"; };
		5CC078AC26313FF200F605FF /* Info.plist */ = {isa = PBXFileReference; lastKnownFileType = text.plist.xml; path = Info.plist; sourceTree = "<group>"; };
		5CC078B52631410A00F605FF /* UILabelExtensions.swift */ = {isa = PBXFileReference; lastKnownFileType = sourcecode.swift; path = UILabelExtensions.swift; sourceTree = "<group>"; };
		5CC078B82631411B00F605FF /* UITextFieldExtensions.swift */ = {isa = PBXFileReference; lastKnownFileType = sourcecode.swift; path = UITextFieldExtensions.swift; sourceTree = "<group>"; };
		5CC078BB2631412B00F605FF /* UIImageExtensions.swift */ = {isa = PBXFileReference; lastKnownFileType = sourcecode.swift; path = UIImageExtensions.swift; sourceTree = "<group>"; };
		5CC078BE2631426D00F605FF /* UIImageViewExtensions.swift */ = {isa = PBXFileReference; lastKnownFileType = sourcecode.swift; path = UIImageViewExtensions.swift; sourceTree = "<group>"; };
		5CF838172631443000DB34D5 /* OurViewController.swift */ = {isa = PBXFileReference; lastKnownFileType = sourcecode.swift; path = OurViewController.swift; sourceTree = "<group>"; };
		5CF8381A263144EF00DB34D5 /* UIViewControllerExtension.swift */ = {isa = PBXFileReference; lastKnownFileType = sourcecode.swift; path = UIViewControllerExtension.swift; sourceTree = "<group>"; };
		5CF8381D2631459400DB34D5 /* UIColorExtensions.swift */ = {isa = PBXFileReference; lastKnownFileType = sourcecode.swift; path = UIColorExtensions.swift; sourceTree = "<group>"; };
		5CF838202631469F00DB34D5 /* UIButtonExtensions.swift */ = {isa = PBXFileReference; lastKnownFileType = sourcecode.swift; path = UIButtonExtensions.swift; sourceTree = "<group>"; };
/* End PBXFileReference section */

/* Begin PBXFrameworksBuildPhase section */
		5CC0789826313FF100F605FF /* Frameworks */ = {
			isa = PBXFrameworksBuildPhase;
			buildActionMask = 2147483647;
			files = (
			);
			runOnlyForDeploymentPostprocessing = 0;
		};
/* End PBXFrameworksBuildPhase section */

/* Begin PBXGroup section */
		5CC0789226313FF100F605FF = {
			isa = PBXGroup;
			children = (
				5CC0789D26313FF100F605FF /* ExtensionsDemo */,
				5CC0789C26313FF100F605FF /* Products */,
			);
			sourceTree = "<group>";
		};
		5CC0789C26313FF100F605FF /* Products */ = {
			isa = PBXGroup;
			children = (
				5CC0789B26313FF100F605FF /* ExtensionsDemo.app */,
			);
			name = Products;
			sourceTree = "<group>";
		};
		5CC0789D26313FF100F605FF /* ExtensionsDemo */ = {
			isa = PBXGroup;
			children = (
				5CC0789E26313FF100F605FF /* AppDelegate.swift */,
				5CC078A226313FF100F605FF /* ViewController.swift */,
				5CF838172631443000DB34D5 /* OurViewController.swift */,
				5CC078B52631410A00F605FF /* UILabelExtensions.swift */,
				5CC078B82631411B00F605FF /* UITextFieldExtensions.swift */,
				5CC078BB2631412B00F605FF /* UIImageExtensions.swift */,
				5CC078BE2631426D00F605FF /* UIImageViewExtensions.swift */,
				5CF838202631469F00DB34D5 /* UIButtonExtensions.swift */,
				5CF8381A263144EF00DB34D5 /* UIViewControllerExtension.swift */,
				5CF8381D2631459400DB34D5 /* UIColorExtensions.swift */,
				5CC078A426313FF100F605FF /* Main.storyboard */,
				5CC078A726313FF200F605FF /* Assets.xcassets */,
				5CC078A926313FF200F605FF /* LaunchScreen.storyboard */,
				5CC078AC26313FF200F605FF /* Info.plist */,
			);
			path = ExtensionsDemo;
			sourceTree = "<group>";
		};
/* End PBXGroup section */

/* Begin PBXNativeTarget section */
		5CC0789A26313FF100F605FF /* ExtensionsDemo */ = {
			isa = PBXNativeTarget;
			buildConfigurationList = 5CC078AF26313FF200F605FF /* Build configuration list for PBXNativeTarget "ExtensionsDemo" */;
			buildPhases = (
				5CC0789726313FF100F605FF /* Sources */,
				5CC0789826313FF100F605FF /* Frameworks */,
				5CC0789926313FF100F605FF /* Resources */,
			);
			buildRules = (
			);
			dependencies = (
			);
			name = ExtensionsDemo;
			productName = ExtensionsDemo;
			productReference = 5CC0789B26313FF100F605FF /* ExtensionsDemo.app */;
			productType = "com.apple.product-type.application";
		};
/* End PBXNativeTarget section */

/* Begin PBXProject section */
		5CC0789326313FF100F605FF /* Project object */ = {
			isa = PBXProject;
			attributes = {
				LastSwiftUpdateCheck = 1240;
				LastUpgradeCheck = 1240;
				TargetAttributes = {
					5CC0789A26313FF100F605FF = {
						CreatedOnToolsVersion = 12.4;
					};
				};
			};
			buildConfigurationList = 5CC0789626313FF100F605FF /* Build configuration list for PBXProject "ExtensionsDemo" */;
			compatibilityVersion = "Xcode 9.3";
			developmentRegion = en;
			hasScannedForEncodings = 0;
			knownRegions = (
				en,
				Base,
			);
			mainGroup = 5CC0789226313FF100F605FF;
			productRefGroup = 5CC0789C26313FF100F605FF /* Products */;
			projectDirPath = "";
			projectRoot = "";
			targets = (
				5CC0789A26313FF100F605FF /* ExtensionsDemo */,
			);
		};
/* End PBXProject section */

/* Begin PBXResourcesBuildPhase section */
		5CC0789926313FF100F605FF /* Resources */ = {
			isa = PBXResourcesBuildPhase;
			buildActionMask = 2147483647;
			files = (
				5CC078AB26313FF200F605FF /* LaunchScreen.storyboard in Resources */,
				5CC078A826313FF200F605FF /* Assets.xcassets in Resources */,
				5CC078A626313FF100F605FF /* Main.storyboard in Resources */,
			);
			runOnlyForDeploymentPostprocessing = 0;
		};
/* End PBXResourcesBuildPhase section */

/* Begin PBXSourcesBuildPhase section */
		5CC0789726313FF100F605FF /* Sources */ = {
			isa = PBXSourcesBuildPhase;
			buildActionMask = 2147483647;
			files = (
				5CF8381E2631459400DB34D5 /* UIColorExtensions.swift in Sources */,
				5CC078A326313FF100F605FF /* ViewController.swift in Sources */,
				5CC078B92631411B00F605FF /* UITextFieldExtensions.swift in Sources */,
				5CC078BC2631412B00F605FF /* UIImageExtensions.swift in Sources */,
				5CC0789F26313FF100F605FF /* AppDelegate.swift in Sources */,
				5CF838212631469F00DB34D5 /* UIButtonExtensions.swift in Sources */,
				5CF8381B263144EF00DB34D5 /* UIViewControllerExtension.swift in Sources */,
				5CC078BF2631426D00F605FF /* UIImageViewExtensions.swift in Sources */,
				5CF838182631443000DB34D5 /* OurViewController.swift in Sources */,
				5CC078B62631410A00F605FF /* UILabelExtensions.swift in Sources */,
			);
			runOnlyForDeploymentPostprocessing = 0;
		};
/* End PBXSourcesBuildPhase section */

/* Begin PBXVariantGroup section */
		5CC078A426313FF100F605FF /* Main.storyboard */ = {
			isa = PBXVariantGroup;
			children = (
				5CC078A526313FF100F605FF /* Base */,
			);
			name = Main.storyboard;
			sourceTree = "<group>";
		};
		5CC078A926313FF200F605FF /* LaunchScreen.storyboard */ = {
			isa = PBXVariantGroup;
			children = (
				5CC078AA26313FF200F605FF /* Base */,
			);
			name = LaunchScreen.storyboard;
			sourceTree = "<group>";
		};
/* End PBXVariantGroup section */

/* Begin XCBuildConfiguration section */
		5CC078AD26313FF200F605FF /* Debug */ = {
			isa = XCBuildConfiguration;
			buildSettings = {
				ALWAYS_SEARCH_USER_PATHS = NO;
				CLANG_ANALYZER_NONNULL = YES;
				CLANG_ANALYZER_NUMBER_OBJECT_CONVERSION = YES_AGGRESSIVE;
				CLANG_CXX_LANGUAGE_STANDARD = "gnu++14";
				CLANG_CXX_LIBRARY = "libc++";
				CLANG_ENABLE_MODULES = YES;
				CLANG_ENABLE_OBJC_ARC = YES;
				CLANG_ENABLE_OBJC_WEAK = YES;
				CLANG_WARN_BLOCK_CAPTURE_AUTORELEASING = YES;
				CLANG_WARN_BOOL_CONVERSION = YES;
				CLANG_WARN_COMMA = YES;
				CLANG_WARN_CONSTANT_CONVERSION = YES;
				CLANG_WARN_DEPRECATED_OBJC_IMPLEMENTATIONS = YES;
				CLANG_WARN_DIRECT_OBJC_ISA_USAGE = YES_ERROR;
				CLANG_WARN_DOCUMENTATION_COMMENTS = YES;
				CLANG_WARN_EMPTY_BODY = YES;
				CLANG_WARN_ENUM_CONVERSION = YES;
				CLANG_WARN_INFINITE_RECURSION = YES;
				CLANG_WARN_INT_CONVERSION = YES;
				CLANG_WARN_NON_LITERAL_NULL_CONVERSION = YES;
				CLANG_WARN_OBJC_IMPLICIT_RETAIN_SELF = YES;
				CLANG_WARN_OBJC_LITERAL_CONVERSION = YES;
				CLANG_WARN_OBJC_ROOT_CLASS = YES_ERROR;
				CLANG_WARN_QUOTED_INCLUDE_IN_FRAMEWORK_HEADER = YES;
				CLANG_WARN_RANGE_LOOP_ANALYSIS = YES;
				CLANG_WARN_STRICT_PROTOTYPES = YES;
				CLANG_WARN_SUSPICIOUS_MOVE = YES;
				CLANG_WARN_UNGUARDED_AVAILABILITY = YES_AGGRESSIVE;
				CLANG_WARN_UNREACHABLE_CODE = YES;
				CLANG_WARN__DUPLICATE_METHOD_MATCH = YES;
				COPY_PHASE_STRIP = NO;
				DEBUG_INFORMATION_FORMAT = dwarf;
				ENABLE_STRICT_OBJC_MSGSEND = YES;
				ENABLE_TESTABILITY = YES;
				GCC_C_LANGUAGE_STANDARD = gnu11;
				GCC_DYNAMIC_NO_PIC = NO;
				GCC_NO_COMMON_BLOCKS = YES;
				GCC_OPTIMIZATION_LEVEL = 0;
				GCC_PREPROCESSOR_DEFINITIONS = (
					"DEBUG=1",
					"$(inherited)",
				);
				GCC_WARN_64_TO_32_BIT_CONVERSION = YES;
				GCC_WARN_ABOUT_RETURN_TYPE = YES_ERROR;
				GCC_WARN_UNDECLARED_SELECTOR = YES;
				GCC_WARN_UNINITIALIZED_AUTOS = YES_AGGRESSIVE;
				GCC_WARN_UNUSED_FUNCTION = YES;
				GCC_WARN_UNUSED_VARIABLE = YES;
				IPHONEOS_DEPLOYMENT_TARGET = 14.4;
				MTL_ENABLE_DEBUG_INFO = INCLUDE_SOURCE;
				MTL_FAST_MATH = YES;
				ONLY_ACTIVE_ARCH = YES;
				SDKROOT = iphoneos;
				SWIFT_ACTIVE_COMPILATION_CONDITIONS = DEBUG;
				SWIFT_OPTIMIZATION_LEVEL = "-Onone";
			};
			name = Debug;
		};
		5CC078AE26313FF200F605FF /* Release */ = {
			isa = XCBuildConfiguration;
			buildSettings = {
				ALWAYS_SEARCH_USER_PATHS = NO;
				CLANG_ANALYZER_NONNULL = YES;
				CLANG_ANALYZER_NUMBER_OBJECT_CONVERSION = YES_AGGRESSIVE;
				CLANG_CXX_LANGUAGE_STANDARD = "gnu++14";
				CLANG_CXX_LIBRARY = "libc++";
				CLANG_ENABLE_MODULES = YES;
				CLANG_ENABLE_OBJC_ARC = YES;
				CLANG_ENABLE_OBJC_WEAK = YES;
				CLANG_WARN_BLOCK_CAPTURE_AUTORELEASING = YES;
				CLANG_WARN_BOOL_CONVERSION = YES;
				CLANG_WARN_COMMA = YES;
				CLANG_WARN_CONSTANT_CONVERSION = YES;
				CLANG_WARN_DEPRECATED_OBJC_IMPLEMENTATIONS = YES;
				CLANG_WARN_DIRECT_OBJC_ISA_USAGE = YES_ERROR;
				CLANG_WARN_DOCUMENTATION_COMMENTS = YES;
				CLANG_WARN_EMPTY_BODY = YES;
				CLANG_WARN_ENUM_CONVERSION = YES;
				CLANG_WARN_INFINITE_RECURSION = YES;
				CLANG_WARN_INT_CONVERSION = YES;
				CLANG_WARN_NON_LITERAL_NULL_CONVERSION = YES;
				CLANG_WARN_OBJC_IMPLICIT_RETAIN_SELF = YES;
				CLANG_WARN_OBJC_LITERAL_CONVERSION = YES;
				CLANG_WARN_OBJC_ROOT_CLASS = YES_ERROR;
				CLANG_WARN_QUOTED_INCLUDE_IN_FRAMEWORK_HEADER = YES;
				CLANG_WARN_RANGE_LOOP_ANALYSIS = YES;
				CLANG_WARN_STRICT_PROTOTYPES = YES;
				CLANG_WARN_SUSPICIOUS_MOVE = YES;
				CLANG_WARN_UNGUARDED_AVAILABILITY = YES_AGGRESSIVE;
				CLANG_WARN_UNREACHABLE_CODE = YES;
				CLANG_WARN__DUPLICATE_METHOD_MATCH = YES;
				COPY_PHASE_STRIP = NO;
				DEBUG_INFORMATION_FORMAT = "dwarf-with-dsym";
				ENABLE_NS_ASSERTIONS = NO;
				ENABLE_STRICT_OBJC_MSGSEND = YES;
				GCC_C_LANGUAGE_STANDARD = gnu11;
				GCC_NO_COMMON_BLOCKS = YES;
				GCC_WARN_64_TO_32_BIT_CONVERSION = YES;
				GCC_WARN_ABOUT_RETURN_TYPE = YES_ERROR;
				GCC_WARN_UNDECLARED_SELECTOR = YES;
				GCC_WARN_UNINITIALIZED_AUTOS = YES_AGGRESSIVE;
				GCC_WARN_UNUSED_FUNCTION = YES;
				GCC_WARN_UNUSED_VARIABLE = YES;
				IPHONEOS_DEPLOYMENT_TARGET = 14.4;
				MTL_ENABLE_DEBUG_INFO = NO;
				MTL_FAST_MATH = YES;
				SDKROOT = iphoneos;
				SWIFT_COMPILATION_MODE = wholemodule;
				SWIFT_OPTIMIZATION_LEVEL = "-O";
				VALIDATE_PRODUCT = YES;
			};
			name = Release;
		};
		5CC078B026313FF200F605FF /* Debug */ = {
			isa = XCBuildConfiguration;
			buildSettings = {
				ASSETCATALOG_COMPILER_APPICON_NAME = AppIcon;
				ASSETCATALOG_COMPILER_GLOBAL_ACCENT_COLOR_NAME = AccentColor;
				CODE_SIGN_STYLE = Automatic;
				DEVELOPMENT_TEAM = 8R65X8Z96A;
				INFOPLIST_FILE = ExtensionsDemo/Info.plist;
				IPHONEOS_DEPLOYMENT_TARGET = 14.4;
				LD_RUNPATH_SEARCH_PATHS = (
					"$(inherited)",
					"@executable_path/Frameworks",
				);
				PRODUCT_BUNDLE_IDENTIFIER = com.saeed.ExtensionsDemo;
				PRODUCT_NAME = "$(TARGET_NAME)";
				SWIFT_VERSION = 5.0;
				TARGETED_DEVICE_FAMILY = "1,2";
			};
			name = Debug;
		};
		5CC078B126313FF200F605FF /* Release */ = {
			isa = XCBuildConfiguration;
			buildSettings = {
				ASSETCATALOG_COMPILER_APPICON_NAME = AppIcon;
				ASSETCATALOG_COMPILER_GLOBAL_ACCENT_COLOR_NAME = AccentColor;
				CODE_SIGN_STYLE = Automatic;
				DEVELOPMENT_TEAM = 8R65X8Z96A;
				INFOPLIST_FILE = ExtensionsDemo/Info.plist;
				IPHONEOS_DEPLOYMENT_TARGET = 14.4;
				LD_RUNPATH_SEARCH_PATHS = (
					"$(inherited)",
					"@executable_path/Frameworks",
				);
				PRODUCT_BUNDLE_IDENTIFIER = com.saeed.ExtensionsDemo;
				PRODUCT_NAME = "$(TARGET_NAME)";
				SWIFT_VERSION = 5.0;
				TARGETED_DEVICE_FAMILY = "1,2";
			};
			name = Release;
		};
/* End XCBuildConfiguration section */

/* Begin XCConfigurationList section */
		5CC0789626313FF100F605FF /* Build configuration list for PBXProject "ExtensionsDemo" */ = {
			isa = XCConfigurationList;
			buildConfigurations = (
				5CC078AD26313FF200F605FF /* Debug */,
				5CC078AE26313FF200F605FF /* Release */,
			);
			defaultConfigurationIsVisible = 0;
			defaultConfigurationName = Release;
		};
		5CC078AF26313FF200F605FF /* Build configuration list for PBXNativeTarget "ExtensionsDemo" */ = {
			isa = XCConfigurationList;
			buildConfigurations = (
				5CC078B026313FF200F605FF /* Debug */,
				5CC078B126313FF200F605FF /* Release */,
			);
			defaultConfigurationIsVisible = 0;
			defaultConfigurationName = Release;
		};
/* End XCConfigurationList section */
	};
	rootObject = 5CC0789326313FF100F605FF /* Project object */;
}
